# This file is autogenerated, do not edit; changes may be undone by the next 'dep ensure'.


[[projects]]
  digest = "1:9f3b30d9f8e0d7040f729b82dcbc8f0dead820a133b3147ce355fc451f32d761"
  name = "github.com/BurntSushi/toml"
  packages = ["."]
  pruneopts = "UT"
  revision = "3012a1dbe2e4bd1391d42b32f0577cb7bbc7f005"
  version = "v0.3.1"

[[projects]]
  branch = "master"
  digest = "1:6d6d9309d10d5dffaaf3a56c4b2570dec62152f978ac3566b13bdfafd63f32fb"
  name = "github.com/aead/chacha20"
  packages = ["chacha"]
  pruneopts = "UT"
  revision = "8b13a72661dae6e9e5dea04f344f0dc95ea29547"

[[projects]]
  branch = "master"
  digest = "1:13c056cb8b3db5741aaaf8b91f7cbd0f2ff0d44b2448744852896c92dd0bad84"
  name = "github.com/aead/chacha20poly1305"
  packages = ["."]
  pruneopts = "UT"
  revision = "233f39982aeb502bfca81558666747bec91cf00c"

[[projects]]
  branch = "master"
  digest = "1:82df2686fe2e0cc2894fbec00098fe2efeacbda08af8087a86d9eeea58699d49"
  name = "github.com/aead/poly1305"
  packages = ["."]
  pruneopts = "UT"
  revision = "3fee0db0b63511234f7230da50b72414f6258f10"

[[projects]]
  branch = "master"
  digest = "1:08ac96ecab3178fa1434de4e9597d3547aade074398e83c74acf6ac34366e944"
  name = "github.com/captncraig/cors"
  packages = ["."]
  pruneopts = "UT"
  revision = "e80254a89df15ac218dfd7dcdf67e15d045ef075"

[[projects]]
  digest = "1:58c033da727ebd5a6769209e479cac9a6e4dab53c879631af3d8161423099d57"
  name = "github.com/go-chi/chi"
  packages = [
    ".",
    "middleware",
  ]
  pruneopts = "UT"
  revision = "da24bba8dcd4021cafac38724bf10dccc97c3e36"
  version = "v4.0.2"

[[projects]]
  digest = "1:e1ff887e232b2d8f4f7c7db15a5fac7be418025afc4dda53c59c765dbb5aa6b4"
  name = "github.com/go-playground/locales"
  packages = [
    ".",
    "currency",
  ]
  pruneopts = "UT"
  revision = "f63010822830b6fe52288ee52d5a1151088ce039"
  version = "v0.12.1"

[[projects]]
  digest = "1:e022cf244bcac1b6ef933f1a2e0adcf6a6dfd7b872d8d41e4d4179bb09a87cbc"
  name = "github.com/go-playground/universal-translator"
  packages = ["."]
  pruneopts = "UT"
  revision = "b32fa301c9fe55953584134cb6853a13c87ec0a1"
  version = "v0.16.0"

[[projects]]
  digest = "1:6c41d4f998a03b6604227ccad36edaed6126c397e5d78709ef4814a1145a6757"
  name = "github.com/jmoiron/sqlx"
  packages = [
    ".",
    "reflectx",
  ]
  pruneopts = "UT"
  revision = "d161d7a76b5661016ad0b085869f77fd410f3e6a"
  version = "v1.2.0"

[[projects]]
  digest = "1:6782ffc812e8e700e6952ede1e60487ff1fd9da489eff762985be662a7cfc431"
  name = "github.com/leodido/go-urn"
  packages = ["."]
  pruneopts = "UT"
  revision = "70078a794e8ea4b497ba7c19a78cd60f90ccf0f4"
  version = "v1.1.0"

[[projects]]
  digest = "1:bdd53b87de8185da386bae179c84d4848854c6870bacacf6a154fe63e2e750f7"
  name = "github.com/lib/pq"
  packages = [
    ".",
    "oid",
    "scram",
  ]
  pruneopts = "UT"
  revision = "bc6a3c0594130b1e34005880bc600b6d3f49fa7f"
  version = "v1.1.1"

[[projects]]
  digest = "1:96d3964a8c60b920baa923d40942b1209ceef85a3268f12b0d7782350fdf94af"
  name = "github.com/o1egl/paseto"
  packages = ["."]
  pruneopts = "UT"
  revision = "12402efa2af194ab29e0a509a11aa834b4ab0397"
  version = "v1.0.0"

[[projects]]
  digest = "1:cf31692c14422fa27c83a05292eb5cbe0fb2775972e8f1f8446a71549bd8980b"
  name = "github.com/pkg/errors"
  packages = ["."]
  pruneopts = "UT"
  revision = "ba968bfe8b2f7e042a574c888954fccecfa385b4"
  version = "v0.8.1"

[[projects]]
  digest = "1:ae4da785a90a9715dc6daffff0695ee52d90ede4d9a65adc0a721fe7436ee4e1"
  name = "github.com/writeas/go-webfinger"
  packages = ["."]
  pruneopts = "UT"
  revision = "824606d41058bd05c7e9d8b2dd2803341550f436"
  version = "1.1.0"

[[projects]]
  branch = "master"
  digest = "1:c502a35a6fc9b6530e548a4b5cecff2703abfa7c431befec6ecf834eecfd9e6e"
  name = "golang.org/x/crypto"
  packages = [
    "argon2",
    "blake2b",
    "ed25519",
    "ed25519/internal/edwards25519",
    "hkdf",
  ]
  pruneopts = "UT"
  revision = "87dc89f01550277dc22b74ffcf4cd89fa2f40f4c"

[[projects]]
  branch = "master"
  digest = "1:95abab3e07422980e85e253e49eb75c05c1dee6e84b50cb0d3353747ef8099eb"
  name = "golang.org/x/sys"
  packages = ["cpu"]
  pruneopts = "UT"
  revision = "b09406accb4736d857a32bf9444cd7edae2ffa79"

[[projects]]
  digest = "1:3a8ecdedfd4149826ed0146acd8b8b1d5f7493e2cd642ee6c902234f6e6434fd"
  name = "gopkg.in/go-playground/validator.v9"
  packages = ["."]
  pruneopts = "UT"
  revision = "cd1bd581694a11c089aea885a26247c5f783a4cf"
  version = "v9.30.0"

[solve-meta]
  analyzer-name = "dep"
  analyzer-version = 1
  input-imports = [
    "github.com/BurntSushi/toml",
    "github.com/go-chi/chi",
    "github.com/go-chi/chi/middleware",
    "github.com/jmoiron/sqlx",
    "github.com/lib/pq",
    "github.com/o1egl/paseto",
    "github.com/writeas/go-webfinger",
    "golang.org/x/crypto/argon2",
    "gopkg.in/go-playground/validator.v9",
  ]
  solver-name = "gps-cdcl"
  solver-version = 1
